Microsoft Visual Studio Solution File, Format Version 12.00
# Visual Studio 14
VisualStudioVersion = 14.0.25420.1
MinimumVisualStudioVersion = 10.0.40219.1
Project("{FAE04EC0-301F-11D3-BF4B-00C04F79EFBC}") = "Marketforce.Gizmos", "Websites\Marketforce.Gizmos\Marketforce.Gizmos.csproj", "{7F2417F3-CC67-4748-BCBA-DC2BF6BAD645}"
EndProject
Project("{FAE04EC0-301F-11D3-BF4B-00C04F79EFBC}") = "Marketforce.Services.Security", "Services\Marketforce.Services.Security\Marketforce.Services.Security.csproj", "{3E10BB22-313D-4E03-B3C2-630B36364719}"
EndProject
Project("{FAE04EC0-301F-11D3-BF4B-00C04F79EFBC}") = "Marketforce.Web.Orion", "Websites\Marketforce.Web.Orion\Marketforce.Web.Orion.csproj", "{CD498DFF-E976-4BE9-95BB-8FFBBF1C26E4}"
EndProject
Project("{FAE04EC0-301F-11D3-BF4B-00C04F79EFBC}") = "Marketforce.Services.Orion", "Services\Marketforce.Services.Orion\Marketforce.Services.Orion.csproj", "{C04CF64B-EE59-470C-9455-36F23F92D36E}"
EndProject
Project("{FAE04EC0-301F-11D3-BF4B-00C04F79EFBC}") = "Marketforce.Agents.Orion", "Agents\Marketforce.Agents.Orion\Marketforce.Agents.Orion.csproj", "{CC5DB6AB-7C69-402C-B069-33AC6AAE4DC8}"
EndProject
Project("{FAE04EC0-301F-11D3-BF4B-00C04F79EFBC}") = "Marketforce.Services.Orion.Maintenance", "Services\Marketforce.Services.Orion.Maintenance\Marketforce.Services.Orion.Maintenance.csproj", "{7ACDAC2C-3CF6-46CA-974F-E51A0A1C42C0}"
EndProject
Project("{FAE04EC0-301F-11D3-BF4B-00C04F79EFBC}") = "Marketforce.Web.Navigation", "Websites\Marketforce.Web.Navigation\Marketforce.Web.Navigation.csproj", "{FBD42A3E-BE36-4691-BFB1-B19CD1219350}"
EndProject
Project("{FAE04EC0-301F-11D3-BF4B-00C04F79EFBC}") = "Marketforce.Web.Security", "Websites\Marketforce.Web.Security\Marketforce.Web.Security.csproj", "{CD9AC2D8-8B80-4CF4-8804-B120DA5F2376}"
EndProject
Project("{FAE04EC0-301F-11D3-BF4B-00C04F79EFBC}") = "Marketforce.Web.SessionBridge", "Websites\Marketforce.Web.SessionBridge\Marketforce.Web.SessionBridge.csproj", "{D6E756AB-0A38-4C98-B646-8786F86D267E}"
EndProject
Project("{FAE04EC0-301F-11D3-BF4B-00C04F79EFBC}") = "Marketforce.Reports", "Websites\Marketforce.Reports\Marketforce.Reports.csproj", "{184FB0F2-C0A7-4FC6-BAA2-00CC006BBC5A}"
EndProject
Project("{FAE04EC0-301F-11D3-BF4B-00C04F79EFBC}") = "Marketforce.Help", "Websites\Marketforce.Help\Marketforce.Help.csproj", "{F2C028F6-6844-4A07-84B8-0F9C8A79F9A8}"
EndProject
Project("{FAE04EC0-301F-11D3-BF4B-00C04F79EFBC}") = "Marketforce.Core", "Framework\Marketforce.Core\Marketforce.Core.csproj", "{2AF80561-3034-4333-B891-2DF42529FC82}"
EndProject
Project("{FAE04EC0-301F-11D3-BF4B-00C04F79EFBC}") = "Marketforce.Services.Core", "Framework\Marketforce.Services.Core\Marketforce.Services.Core.csproj", "{C9903CAE-777E-44D0-BAA7-F3F20C8DB760}"
EndProject
Project("{FAE04EC0-301F-11D3-BF4B-00C04F79EFBC}") = "Marketforce.Web.Core", "Framework\Marketforce.Web.Core\Marketforce.Web.Core.csproj", "{DEBAA54A-3A78-4FF5-B556-9021A162A353}"
EndProject
Project("{FAE04EC0-301F-11D3-BF4B-00C04F79EFBC}") = "Marketforce.Agents.Runtime", "Agents\Marketforce.Agents.Runtime\Marketforce.Agents.Runtime.csproj", "{0866A68E-46C7-4C9F-B269-602891C1FC5B}"
EndProject
Project("{FAE04EC0-301F-11D3-BF4B-00C04F79EFBC}") = "Marketforce.Services.Directory.Security", "Services\Marketforce.Services.Directory.Security\Marketforce.Services.Directory.Security.csproj", "{6962C7D8-6191-4B0E-BCE6-173FADFA6139}"
EndProject
Project("{FAE04EC0-301F-11D3-BF4B-00C04F79EFBC}") = "Marketforce.Services.Directory.Security.Maintenance", "Services\Marketforce.Services.Directory.Security.Maintenance\Marketforce.Services.Directory.Security.Maintenance.csproj", "{24B356DB-5E58-471D-8D9B-3F2D25EC7494}"
EndProject
Project("{FAE04EC0-301F-11D3-BF4B-00C04F79EFBC}") = "Marketforce.Services.Directory.Maintenance", "Services\Marketforce.Services.Directory.Maintenance\Marketforce.Services.Directory.Maintenance.csproj", "{C9ECFBF3-2D56-4A08-AB37-B4D7DD024B34}"
EndProject
Project("{FAE04EC0-301F-11D3-BF4B-00C04F79EFBC}") = "Marketforce.Services.Directory", "Services\Marketforce.Services.Directory\Marketforce.Services.Directory.csproj", "{4DA7C357-C0E0-4627-933F-A94A0FEB2EF4}"
EndProject
Project("{FAE04EC0-301F-11D3-BF4B-00C04F79EFBC}") = "Marketforce.Services.Portfolio.Maintenance", "Services\Marketforce.Services.Portfolio.Maintenance\Marketforce.Services.Portfolio.Maintenance.csproj", "{DCD10450-EF24-4840-9DFF-DD3651C3B03B}"
EndProject
Project("{FAE04EC0-301F-11D3-BF4B-00C04F79EFBC}") = "Marketforce.Services.Portfolio", "Services\Marketforce.Services.Portfolio\Marketforce.Services.Portfolio.csproj", "{A6C02001-84D6-4BA9-8BB4-B27EAA33FE80}"
EndProject
Project("{FAE04EC0-301F-11D3-BF4B-00C04F79EFBC}") = "Marketforce.Agents.Directory", "Agents\Marketforce.Agents.Directory\Marketforce.Agents.Directory.csproj", "{7F035DF1-647B-464C-BAEB-E0CE5A07B6A1}"
EndProject
Project("{FAE04EC0-301F-11D3-BF4B-00C04F79EFBC}") = "Marketforce.Agents.Portfolio", "Agents\Marketforce.Agents.Portfolio\Marketforce.Agents.Portfolio.csproj", "{5495F915-9BA8-4460-9F3C-2C9439233720}"
EndProject
Project("{FAE04EC0-301F-11D3-BF4B-00C04F79EFBC}") = "Marketforce.Web", "Framework\Marketforce.Web\Marketforce.Web.csproj", "{7B207EB0-2A66-44B7-90BF-256A7276A336}"
EndProject
Project("{FAE04EC0-301F-11D3-BF4B-00C04F79EFBC}") = "Marketforce.Web.Directory", "Websites\Marketforce.Web.Directory\Marketforce.Web.Directory.csproj", "{A2DBF2D3-686D-4763-BEA3-F0C92654E910}"
EndProject
Project("{FAE04EC0-301F-11D3-BF4B-00C04F79EFBC}") = "Marketforce.Web.Portfolio", "Websites\Marketforce.Web.Portfolio\Marketforce.Web.Portfolio.csproj", "{F4D26EC9-F1E3-41AC-AC7D-1FE2738C5589}"
EndProject
Project("{FAE04EC0-301F-11D3-BF4B-00C04F79EFBC}") = "Marketforce.Services.Batch", "Services\Marketforce.Services.Batch\Marketforce.Services.Batch.csproj", "{A47A5AE0-11CD-4F21-BA87-9CFE5C10983E}"
EndProject
Project("{FAE04EC0-301F-11D3-BF4B-00C04F79EFBC}") = "Marketforce.Services.Transmission.Core", "Framework\Marketforce.Services.Transmission.Core\Marketforce.Services.Transmission.Core.csproj", "{38F36E09-0D89-404E-8F9A-29795B1C4F0D}"
EndProject
Project("{FAE04EC0-301F-11D3-BF4B-00C04F79EFBC}") = "MarketForce.Web.Orion.AcceptanceTests", "Tests\MarketForce.Web.Orion.AcceptanceTests\MarketForce.Web.Orion.AcceptanceTests.csproj", "{2610973B-8ADD-4CEA-A46B-02809982862C}"
EndProject
Project("{FAE04EC0-301F-11D3-BF4B-00C04F79EFBC}") = "MarketForce.Web.Orion.UnitTests", "Tests\MarketForce.Web.Orion.UnitTests\MarketForce.Web.Orion.UnitTests.csproj", "{07ED74CF-138D-446A-9337-5A340E1C0EA9}"
EndProject
Project("{FAE04EC0-301F-11D3-BF4B-00C04F79EFBC}") = "Marketforce.Web.NewOrion", "Websites\Marketforce.Web.NewOrion\Marketforce.Web.NewOrion.csproj", "{310532B6-791D-41D7-95BE-B5D295F8A1D4}"
EndProject
Global
	GlobalSection(SolutionConfigurationPlatforms) = preSolution
		Debug|.NET = Debug|.NET
		Debug|Any CPU = Debug|Any CPU
		Debug|Mixed Platforms = Debug|Mixed Platforms
		Release|.NET = Release|.NET
		Release|Any CPU = Release|Any CPU
		Release|Mixed Platforms = Release|Mixed Platforms
	EndGlobalSection
	GlobalSection(ProjectConfigurationPlatforms) = postSolution
		{7F2417F3-CC67-4748-BCBA-DC2BF6BAD645}.Debug|.NET.ActiveCfg = Debug|Any CPU
		{7F2417F3-CC67-4748-BCBA-DC2BF6BAD645}.Debug|Any CPU.ActiveCfg = Debug|Any CPU
		{7F2417F3-CC67-4748-BCBA-DC2BF6BAD645}.Debug|Any CPU.Build.0 = Debug|Any CPU
		{7F2417F3-CC67-4748-BCBA-DC2BF6BAD645}.Debug|Mixed Platforms.ActiveCfg = Debug|Any CPU
		{7F2417F3-CC67-4748-BCBA-DC2BF6BAD645}.Debug|Mixed Platforms.Build.0 = Debug|Any CPU
		{7F2417F3-CC67-4748-BCBA-DC2BF6BAD645}.Release|.NET.ActiveCfg = Release|Any CPU
		{7F2417F3-CC67-4748-BCBA-DC2BF6BAD645}.Release|Any CPU.ActiveCfg = Release|Any CPU
		{7F2417F3-CC67-4748-BCBA-DC2BF6BAD645}.Release|Any CPU.Build.0 = Release|Any CPU
		{7F2417F3-CC67-4748-BCBA-DC2BF6BAD645}.Release|Mixed Platforms.ActiveCfg = Release|Any CPU
		{7F2417F3-CC67-4748-BCBA-DC2BF6BAD645}.Release|Mixed Platforms.Build.0 = Release|Any CPU
		{3E10BB22-313D-4E03-B3C2-630B36364719}.Debug|.NET.ActiveCfg = Debug|Any CPU
		{3E10BB22-313D-4E03-B3C2-630B36364719}.Debug|Any CPU.ActiveCfg = Debug|Any CPU
		{3E10BB22-313D-4E03-B3C2-630B36364719}.Debug|Any CPU.Build.0 = Debug|Any CPU
		{3E10BB22-313D-4E03-B3C2-630B36364719}.Debug|Mixed Platforms.ActiveCfg = Debug|Any CPU
		{3E10BB22-313D-4E03-B3C2-630B36364719}.Debug|Mixed Platforms.Build.0 = Debug|Any CPU
		{3E10BB22-313D-4E03-B3C2-630B36364719}.Release|.NET.ActiveCfg = Release|Any CPU
		{3E10BB22-313D-4E03-B3C2-630B36364719}.Release|Any CPU.ActiveCfg = Release|Any CPU
		{3E10BB22-313D-4E03-B3C2-630B36364719}.Release|Any CPU.Build.0 = Release|Any CPU
		{3E10BB22-313D-4E03-B3C2-630B36364719}.Release|Mixed Platforms.ActiveCfg = Release|Any CPU
		{3E10BB22-313D-4E03-B3C2-630B36364719}.Release|Mixed Platforms.Build.0 = Release|Any CPU
		{CD498DFF-E976-4BE9-95BB-8FFBBF1C26E4}.Debug|.NET.ActiveCfg = Debug|Any CPU
		{CD498DFF-E976-4BE9-95BB-8FFBBF1C26E4}.Debug|Any CPU.ActiveCfg = Debug|Any CPU
		{CD498DFF-E976-4BE9-95BB-8FFBBF1C26E4}.Debug|Any CPU.Build.0 = Debug|Any CPU
		{CD498DFF-E976-4BE9-95BB-8FFBBF1C26E4}.Debug|Mixed Platforms.ActiveCfg = Debug|Any CPU
		{CD498DFF-E976-4BE9-95BB-8FFBBF1C26E4}.Debug|Mixed Platforms.Build.0 = Debug|Any CPU
		{CD498DFF-E976-4BE9-95BB-8FFBBF1C26E4}.Release|.NET.ActiveCfg = Release|Any CPU
		{CD498DFF-E976-4BE9-95BB-8FFBBF1C26E4}.Release|Any CPU.ActiveCfg = Release|Any CPU
		{CD498DFF-E976-4BE9-95BB-8FFBBF1C26E4}.Release|Any CPU.Build.0 = Release|Any CPU
		{CD498DFF-E976-4BE9-95BB-8FFBBF1C26E4}.Release|Mixed Platforms.ActiveCfg = Release|Any CPU
		{CD498DFF-E976-4BE9-95BB-8FFBBF1C26E4}.Release|Mixed Platforms.Build.0 = Release|Any CPU
		{C04CF64B-EE59-470C-9455-36F23F92D36E}.Debug|.NET.ActiveCfg = Debug|Any CPU
		{C04CF64B-EE59-470C-9455-36F23F92D36E}.Debug|Any CPU.ActiveCfg = Debug|Any CPU
		{C04CF64B-EE59-470C-9455-36F23F92D36E}.Debug|Any CPU.Build.0 = Debug|Any CPU
		{C04CF64B-EE59-470C-9455-36F23F92D36E}.Debug|Mixed Platforms.ActiveCfg = Debug|Any CPU
		{C04CF64B-EE59-470C-9455-36F23F92D36E}.Debug|Mixed Platforms.Build.0 = Debug|Any CPU
		{C04CF64B-EE59-470C-9455-36F23F92D36E}.Release|.NET.ActiveCfg = Release|Any CPU
		{C04CF64B-EE59-470C-9455-36F23F92D36E}.Release|Any CPU.ActiveCfg = Release|Any CPU
		{C04CF64B-EE59-470C-9455-36F23F92D36E}.Release|Any CPU.Build.0 = Release|Any CPU
		{C04CF64B-EE59-470C-9455-36F23F92D36E}.Release|Mixed Platforms.ActiveCfg = Release|Any CPU
		{C04CF64B-EE59-470C-9455-36F23F92D36E}.Release|Mixed Platforms.Build.0 = Release|Any CPU
		{CC5DB6AB-7C69-402C-B069-33AC6AAE4DC8}.Debug|.NET.ActiveCfg = Debug|Any CPU
		{CC5DB6AB-7C69-402C-B069-33AC6AAE4DC8}.Debug|Any CPU.ActiveCfg = Debug|Any CPU
		{CC5DB6AB-7C69-402C-B069-33AC6AAE4DC8}.Debug|Any CPU.Build.0 = Debug|Any CPU
		{CC5DB6AB-7C69-402C-B069-33AC6AAE4DC8}.Debug|Mixed Platforms.ActiveCfg = Debug|Any CPU
		{CC5DB6AB-7C69-402C-B069-33AC6AAE4DC8}.Debug|Mixed Platforms.Build.0 = Debug|Any CPU
		{CC5DB6AB-7C69-402C-B069-33AC6AAE4DC8}.Release|.NET.ActiveCfg = Release|Any CPU
		{CC5DB6AB-7C69-402C-B069-33AC6AAE4DC8}.Release|Any CPU.ActiveCfg = Release|Any CPU
		{CC5DB6AB-7C69-402C-B069-33AC6AAE4DC8}.Release|Any CPU.Build.0 = Release|Any CPU
		{CC5DB6AB-7C69-402C-B069-33AC6AAE4DC8}.Release|Mixed Platforms.ActiveCfg = Release|Any CPU
		{CC5DB6AB-7C69-402C-B069-33AC6AAE4DC8}.Release|Mixed Platforms.Build.0 = Release|Any CPU
		{7ACDAC2C-3CF6-46CA-974F-E51A0A1C42C0}.Debug|.NET.ActiveCfg = Debug|Any CPU
		{7ACDAC2C-3CF6-46CA-974F-E51A0A1C42C0}.Debug|Any CPU.ActiveCfg = Debug|Any CPU
		{7ACDAC2C-3CF6-46CA-974F-E51A0A1C42C0}.Debug|Any CPU.Build.0 = Debug|Any CPU
		{7ACDAC2C-3CF6-46CA-974F-E51A0A1C42C0}.Debug|Mixed Platforms.ActiveCfg = Debug|Any CPU
		{7ACDAC2C-3CF6-46CA-974F-E51A0A1C42C0}.Debug|Mixed Platforms.Build.0 = Debug|Any CPU
		{7ACDAC2C-3CF6-46CA-974F-E51A0A1C42C0}.Release|.NET.ActiveCfg = Release|Any CPU
		{7ACDAC2C-3CF6-46CA-974F-E51A0A1C42C0}.Release|Any CPU.ActiveCfg = Release|Any CPU
		{7ACDAC2C-3CF6-46CA-974F-E51A0A1C42C0}.Release|Any CPU.Build.0 = Release|Any CPU
		{7ACDAC2C-3CF6-46CA-974F-E51A0A1C42C0}.Release|Mixed Platforms.ActiveCfg = Release|Any CPU
		{7ACDAC2C-3CF6-46CA-974F-E51A0A1C42C0}.Release|Mixed Platforms.Build.0 = Release|Any CPU
		{FBD42A3E-BE36-4691-BFB1-B19CD1219350}.Debug|.NET.ActiveCfg = Debug|Any CPU
		{FBD42A3E-BE36-4691-BFB1-B19CD1219350}.Debug|Any CPU.ActiveCfg = Debug|Any CPU
		{FBD42A3E-BE36-4691-BFB1-B19CD1219350}.Debug|Any CPU.Build.0 = Debug|Any CPU
		{FBD42A3E-BE36-4691-BFB1-B19CD1219350}.Debug|Mixed Platforms.ActiveCfg = Debug|Any CPU
		{FBD42A3E-BE36-4691-BFB1-B19CD1219350}.Debug|Mixed Platforms.Build.0 = Debug|Any CPU
		{FBD42A3E-BE36-4691-BFB1-B19CD1219350}.Release|.NET.ActiveCfg = Release|Any CPU
		{FBD42A3E-BE36-4691-BFB1-B19CD1219350}.Release|Any CPU.ActiveCfg = Release|Any CPU
		{FBD42A3E-BE36-4691-BFB1-B19CD1219350}.Release|Any CPU.Build.0 = Release|Any CPU
		{FBD42A3E-BE36-4691-BFB1-B19CD1219350}.Release|Mixed Platforms.ActiveCfg = Release|Any CPU
		{FBD42A3E-BE36-4691-BFB1-B19CD1219350}.Release|Mixed Platforms.Build.0 = Release|Any CPU
		{CD9AC2D8-8B80-4CF4-8804-B120DA5F2376}.Debug|.NET.ActiveCfg = Debug|Any CPU
		{CD9AC2D8-8B80-4CF4-8804-B120DA5F2376}.Debug|Any CPU.ActiveCfg = Debug|Any CPU
		{CD9AC2D8-8B80-4CF4-8804-B120DA5F2376}.Debug|Any CPU.Build.0 = Debug|Any CPU
		{CD9AC2D8-8B80-4CF4-8804-B120DA5F2376}.Debug|Mixed Platforms.ActiveCfg = Debug|Any CPU
		{CD9AC2D8-8B80-4CF4-8804-B120DA5F2376}.Debug|Mixed Platforms.Build.0 = Debug|Any CPU
		{CD9AC2D8-8B80-4CF4-8804-B120DA5F2376}.Release|.NET.ActiveCfg = Release|Any CPU
		{CD9AC2D8-8B80-4CF4-8804-B120DA5F2376}.Release|Any CPU.ActiveCfg = Release|Any CPU
		{CD9AC2D8-8B80-4CF4-8804-B120DA5F2376}.Release|Any CPU.Build.0 = Release|Any CPU
		{CD9AC2D8-8B80-4CF4-8804-B120DA5F2376}.Release|Mixed Platforms.ActiveCfg = Release|Any CPU
		{CD9AC2D8-8B80-4CF4-8804-B120DA5F2376}.Release|Mixed Platforms.Build.0 = Release|Any CPU
		{D6E756AB-0A38-4C98-B646-8786F86D267E}.Debug|.NET.ActiveCfg = Debug|Any CPU
		{D6E756AB-0A38-4C98-B646-8786F86D267E}.Debug|Any CPU.ActiveCfg = Debug|Any CPU
		{D6E756AB-0A38-4C98-B646-8786F86D267E}.Debug|Any CPU.Build.0 = Debug|Any CPU
		{D6E756AB-0A38-4C98-B646-8786F86D267E}.Debug|Mixed Platforms.ActiveCfg = Debug|Any CPU
		{D6E756AB-0A38-4C98-B646-8786F86D267E}.Debug|Mixed Platforms.Build.0 = Debug|Any CPU
		{D6E756AB-0A38-4C98-B646-8786F86D267E}.Release|.NET.ActiveCfg = Release|Any CPU
		{D6E756AB-0A38-4C98-B646-8786F86D267E}.Release|Any CPU.ActiveCfg = Release|Any CPU
		{D6E756AB-0A38-4C98-B646-8786F86D267E}.Release|Any CPU.Build.0 = Release|Any CPU
		{D6E756AB-0A38-4C98-B646-8786F86D267E}.Release|Mixed Platforms.ActiveCfg = Release|Any CPU
		{D6E756AB-0A38-4C98-B646-8786F86D267E}.Release|Mixed Platforms.Build.0 = Release|Any CPU
		{184FB0F2-C0A7-4FC6-BAA2-00CC006BBC5A}.Debug|.NET.ActiveCfg = Debug|Any CPU
		{184FB0F2-C0A7-4FC6-BAA2-00CC006BBC5A}.Debug|Any CPU.ActiveCfg = Debug|Any CPU
		{184FB0F2-C0A7-4FC6-BAA2-00CC006BBC5A}.Debug|Any CPU.Build.0 = Debug|Any CPU
		{184FB0F2-C0A7-4FC6-BAA2-00CC006BBC5A}.Debug|Mixed Platforms.ActiveCfg = Debug|Any CPU
		{184FB0F2-C0A7-4FC6-BAA2-00CC006BBC5A}.Debug|Mixed Platforms.Build.0 = Debug|Any CPU
		{184FB0F2-C0A7-4FC6-BAA2-00CC006BBC5A}.Release|.NET.ActiveCfg = Release|Any CPU
		{184FB0F2-C0A7-4FC6-BAA2-00CC006BBC5A}.Release|Any CPU.ActiveCfg = Release|Any CPU
		{184FB0F2-C0A7-4FC6-BAA2-00CC006BBC5A}.Release|Any CPU.Build.0 = Release|Any CPU
		{184FB0F2-C0A7-4FC6-BAA2-00CC006BBC5A}.Release|Mixed Platforms.ActiveCfg = Release|Any CPU
		{184FB0F2-C0A7-4FC6-BAA2-00CC006BBC5A}.Release|Mixed Platforms.Build.0 = Release|Any CPU
		{F2C028F6-6844-4A07-84B8-0F9C8A79F9A8}.Debug|.NET.ActiveCfg = Debug|Any CPU
		{F2C028F6-6844-4A07-84B8-0F9C8A79F9A8}.Debug|Any CPU.ActiveCfg = Debug|Any CPU
		{F2C028F6-6844-4A07-84B8-0F9C8A79F9A8}.Debug|Any CPU.Build.0 = Debug|Any CPU
		{F2C028F6-6844-4A07-84B8-0F9C8A79F9A8}.Debug|Mixed Platforms.ActiveCfg = Debug|Any CPU
		{F2C028F6-6844-4A07-84B8-0F9C8A79F9A8}.Debug|Mixed Platforms.Build.0 = Debug|Any CPU
		{F2C028F6-6844-4A07-84B8-0F9C8A79F9A8}.Release|.NET.ActiveCfg = Release|Any CPU
		{F2C028F6-6844-4A07-84B8-0F9C8A79F9A8}.Release|Any CPU.ActiveCfg = Release|Any CPU
		{F2C028F6-6844-4A07-84B8-0F9C8A79F9A8}.Release|Any CPU.Build.0 = Release|Any CPU
		{F2C028F6-6844-4A07-84B8-0F9C8A79F9A8}.Release|Mixed Platforms.ActiveCfg = Release|Any CPU
		{F2C028F6-6844-4A07-84B8-0F9C8A79F9A8}.Release|Mixed Platforms.Build.0 = Release|Any CPU
		{2AF80561-3034-4333-B891-2DF42529FC82}.Debug|.NET.ActiveCfg = Debug|Any CPU
		{2AF80561-3034-4333-B891-2DF42529FC82}.Debug|Any CPU.ActiveCfg = Debug|Any CPU
		{2AF80561-3034-4333-B891-2DF42529FC82}.Debug|Any CPU.Build.0 = Debug|Any CPU
		{2AF80561-3034-4333-B891-2DF42529FC82}.Debug|Mixed Platforms.ActiveCfg = Debug|Any CPU
		{2AF80561-3034-4333-B891-2DF42529FC82}.Debug|Mixed Platforms.Build.0 = Debug|Any CPU
		{2AF80561-3034-4333-B891-2DF42529FC82}.Release|.NET.ActiveCfg = Release|Any CPU
		{2AF80561-3034-4333-B891-2DF42529FC82}.Release|Any CPU.ActiveCfg = Release|Any CPU
		{2AF80561-3034-4333-B891-2DF42529FC82}.Release|Any CPU.Build.0 = Release|Any CPU
		{2AF80561-3034-4333-B891-2DF42529FC82}.Release|Mixed Platforms.ActiveCfg = Release|Any CPU
		{2AF80561-3034-4333-B891-2DF42529FC82}.Release|Mixed Platforms.Build.0 = Release|Any CPU
		{C9903CAE-777E-44D0-BAA7-F3F20C8DB760}.Debug|.NET.ActiveCfg = Debug|Any CPU
		{C9903CAE-777E-44D0-BAA7-F3F20C8DB760}.Debug|Any CPU.ActiveCfg = Debug|Any CPU
		{C9903CAE-777E-44D0-BAA7-F3F20C8DB760}.Debug|Any CPU.Build.0 = Debug|Any CPU
		{C9903CAE-777E-44D0-BAA7-F3F20C8DB760}.Debug|Mixed Platforms.ActiveCfg = Debug|Any CPU
		{C9903CAE-777E-44D0-BAA7-F3F20C8DB760}.Debug|Mixed Platforms.Build.0 = Debug|Any CPU
		{C9903CAE-777E-44D0-BAA7-F3F20C8DB760}.Release|.NET.ActiveCfg = Release|Any CPU
		{C9903CAE-777E-44D0-BAA7-F3F20C8DB760}.Release|Any CPU.ActiveCfg = Release|Any CPU
		{C9903CAE-777E-44D0-BAA7-F3F20C8DB760}.Release|Any CPU.Build.0 = Release|Any CPU
		{C9903CAE-777E-44D0-BAA7-F3F20C8DB760}.Release|Mixed Platforms.ActiveCfg = Release|Any CPU
		{C9903CAE-777E-44D0-BAA7-F3F20C8DB760}.Release|Mixed Platforms.Build.0 = Release|Any CPU
		{DEBAA54A-3A78-4FF5-B556-9021A162A353}.Debug|.NET.ActiveCfg = Debug|Any CPU
		{DEBAA54A-3A78-4FF5-B556-9021A162A353}.Debug|Any CPU.ActiveCfg = Debug|Any CPU
		{DEBAA54A-3A78-4FF5-B556-9021A162A353}.Debug|Any CPU.Build.0 = Debug|Any CPU
		{DEBAA54A-3A78-4FF5-B556-9021A162A353}.Debug|Mixed Platforms.ActiveCfg = Debug|Any CPU
		{DEBAA54A-3A78-4FF5-B556-9021A162A353}.Debug|Mixed Platforms.Build.0 = Debug|Any CPU
		{DEBAA54A-3A78-4FF5-B556-9021A162A353}.Release|.NET.ActiveCfg = Release|Any CPU
		{DEBAA54A-3A78-4FF5-B556-9021A162A353}.Release|Any CPU.ActiveCfg = Release|Any CPU
		{DEBAA54A-3A78-4FF5-B556-9021A162A353}.Release|Any CPU.Build.0 = Release|Any CPU
		{DEBAA54A-3A78-4FF5-B556-9021A162A353}.Release|Mixed Platforms.ActiveCfg = Release|Any CPU
		{DEBAA54A-3A78-4FF5-B556-9021A162A353}.Release|Mixed Platforms.Build.0 = Release|Any CPU
		{0866A68E-46C7-4C9F-B269-602891C1FC5B}.Debug|.NET.ActiveCfg = Debug|Any CPU
		{0866A68E-46C7-4C9F-B269-602891C1FC5B}.Debug|Any CPU.ActiveCfg = Debug|Any CPU
		{0866A68E-46C7-4C9F-B269-602891C1FC5B}.Debug|Any CPU.Build.0 = Debug|Any CPU
		{0866A68E-46C7-4C9F-B269-602891C1FC5B}.Debug|Mixed Platforms.ActiveCfg = Debug|Any CPU
		{0866A68E-46C7-4C9F-B269-602891C1FC5B}.Debug|Mixed Platforms.Build.0 = Debug|Any CPU
		{0866A68E-46C7-4C9F-B269-602891C1FC5B}.Release|.NET.ActiveCfg = Release|Any CPU
		{0866A68E-46C7-4C9F-B269-602891C1FC5B}.Release|Any CPU.ActiveCfg = Release|Any CPU
		{0866A68E-46C7-4C9F-B269-602891C1FC5B}.Release|Any CPU.Build.0 = Release|Any CPU
		{0866A68E-46C7-4C9F-B269-602891C1FC5B}.Release|Mixed Platforms.ActiveCfg = Release|Any CPU
		{0866A68E-46C7-4C9F-B269-602891C1FC5B}.Release|Mixed Platforms.Build.0 = Release|Any CPU
		{6962C7D8-6191-4B0E-BCE6-173FADFA6139}.Debug|.NET.ActiveCfg = Debug|Any CPU
		{6962C7D8-6191-4B0E-BCE6-173FADFA6139}.Debug|Any CPU.ActiveCfg = Debug|Any CPU
		{6962C7D8-6191-4B0E-BCE6-173FADFA6139}.Debug|Any CPU.Build.0 = Debug|Any CPU
		{6962C7D8-6191-4B0E-BCE6-173FADFA6139}.Debug|Mixed Platforms.ActiveCfg = Debug|Any CPU
		{6962C7D8-6191-4B0E-BCE6-173FADFA6139}.Debug|Mixed Platforms.Build.0 = Debug|Any CPU
		{6962C7D8-6191-4B0E-BCE6-173FADFA6139}.Release|.NET.ActiveCfg = Release|Any CPU
		{6962C7D8-6191-4B0E-BCE6-173FADFA6139}.Release|Any CPU.ActiveCfg = Release|Any CPU
		{6962C7D8-6191-4B0E-BCE6-173FADFA6139}.Release|Any CPU.Build.0 = Release|Any CPU
		{6962C7D8-6191-4B0E-BCE6-173FADFA6139}.Release|Mixed Platforms.ActiveCfg = Release|Any CPU
		{6962C7D8-6191-4B0E-BCE6-173FADFA6139}.Release|Mixed Platforms.Build.0 = Release|Any CPU
		{24B356DB-5E58-471D-8D9B-3F2D25EC7494}.Debug|.NET.ActiveCfg = Debug|Any CPU
		{24B356DB-5E58-471D-8D9B-3F2D25EC7494}.Debug|Any CPU.ActiveCfg = Debug|Any CPU
		{24B356DB-5E58-471D-8D9B-3F2D25EC7494}.Debug|Any CPU.Build.0 = Debug|Any CPU
		{24B356DB-5E58-471D-8D9B-3F2D25EC7494}.Debug|Mixed Platforms.ActiveCfg = Debug|Any CPU
		{24B356DB-5E58-471D-8D9B-3F2D25EC7494}.Debug|Mixed Platforms.Build.0 = Debug|Any CPU
		{24B356DB-5E58-471D-8D9B-3F2D25EC7494}.Release|.NET.ActiveCfg = Release|Any CPU
		{24B356DB-5E58-471D-8D9B-3F2D25EC7494}.Release|Any CPU.ActiveCfg = Release|Any CPU
		{24B356DB-5E58-471D-8D9B-3F2D25EC7494}.Release|Any CPU.Build.0 = Release|Any CPU
		{24B356DB-5E58-471D-8D9B-3F2D25EC7494}.Release|Mixed Platforms.ActiveCfg = Release|Any CPU
		{24B356DB-5E58-471D-8D9B-3F2D25EC7494}.Release|Mixed Platforms.Build.0 = Release|Any CPU
		{C9ECFBF3-2D56-4A08-AB37-B4D7DD024B34}.Debug|.NET.ActiveCfg = Debug|Any CPU
		{C9ECFBF3-2D56-4A08-AB37-B4D7DD024B34}.Debug|Any CPU.ActiveCfg = Debug|Any CPU
		{C9ECFBF3-2D56-4A08-AB37-B4D7DD024B34}.Debug|Any CPU.Build.0 = Debug|Any CPU
		{C9ECFBF3-2D56-4A08-AB37-B4D7DD024B34}.Debug|Mixed Platforms.ActiveCfg = Debug|Any CPU
		{C9ECFBF3-2D56-4A08-AB37-B4D7DD024B34}.Debug|Mixed Platforms.Build.0 = Debug|Any CPU
		{C9ECFBF3-2D56-4A08-AB37-B4D7DD024B34}.Release|.NET.ActiveCfg = Release|Any CPU
		{C9ECFBF3-2D56-4A08-AB37-B4D7DD024B34}.Release|Any CPU.ActiveCfg = Release|Any CPU
		{C9ECFBF3-2D56-4A08-AB37-B4D7DD024B34}.Release|Any CPU.Build.0 = Release|Any CPU
		{C9ECFBF3-2D56-4A08-AB37-B4D7DD024B34}.Release|Mixed Platforms.ActiveCfg = Release|Any CPU
		{C9ECFBF3-2D56-4A08-AB37-B4D7DD024B34}.Release|Mixed Platforms.Build.0 = Release|Any CPU
		{4DA7C357-C0E0-4627-933F-A94A0FEB2EF4}.Debug|.NET.ActiveCfg = Debug|Any CPU
		{4DA7C357-C0E0-4627-933F-A94A0FEB2EF4}.Debug|Any CPU.ActiveCfg = Debug|Any CPU
		{4DA7C357-C0E0-4627-933F-A94A0FEB2EF4}.Debug|Any CPU.Build.0 = Debug|Any CPU
		{4DA7C357-C0E0-4627-933F-A94A0FEB2EF4}.Debug|Mixed Platforms.ActiveCfg = Debug|Any CPU
		{4DA7C357-C0E0-4627-933F-A94A0FEB2EF4}.Debug|Mixed Platforms.Build.0 = Debug|Any CPU
		{4DA7C357-C0E0-4627-933F-A94A0FEB2EF4}.Release|.NET.ActiveCfg = Release|Any CPU
		{4DA7C357-C0E0-4627-933F-A94A0FEB2EF4}.Release|Any CPU.ActiveCfg = Release|Any CPU
		{4DA7C357-C0E0-4627-933F-A94A0FEB2EF4}.Release|Any CPU.Build.0 = Release|Any CPU
		{4DA7C357-C0E0-4627-933F-A94A0FEB2EF4}.Release|Mixed Platforms.ActiveCfg = Release|Any CPU
		{4DA7C357-C0E0-4627-933F-A94A0FEB2EF4}.Release|Mixed Platforms.Build.0 = Release|Any CPU
		{DCD10450-EF24-4840-9DFF-DD3651C3B03B}.Debug|.NET.ActiveCfg = Debug|Any CPU
		{DCD10450-EF24-4840-9DFF-DD3651C3B03B}.Debug|Any CPU.ActiveCfg = Debug|Any CPU
		{DCD10450-EF24-4840-9DFF-DD3651C3B03B}.Debug|Any CPU.Build.0 = Debug|Any CPU
		{DCD10450-EF24-4840-9DFF-DD3651C3B03B}.Debug|Mixed Platforms.ActiveCfg = Debug|Any CPU
		{DCD10450-EF24-4840-9DFF-DD3651C3B03B}.Debug|Mixed Platforms.Build.0 = Debug|Any CPU
		{DCD10450-EF24-4840-9DFF-DD3651C3B03B}.Release|.NET.ActiveCfg = Release|Any CPU
		{DCD10450-EF24-4840-9DFF-DD3651C3B03B}.Release|Any CPU.ActiveCfg = Release|Any CPU
		{DCD10450-EF24-4840-9DFF-DD3651C3B03B}.Release|Any CPU.Build.0 = Release|Any CPU
		{DCD10450-EF24-4840-9DFF-DD3651C3B03B}.Release|Mixed Platforms.ActiveCfg = Release|Any CPU
		{DCD10450-EF24-4840-9DFF-DD3651C3B03B}.Release|Mixed Platforms.Build.0 = Release|Any CPU
		{A6C02001-84D6-4BA9-8BB4-B27EAA33FE80}.Debug|.NET.ActiveCfg = Debug|Any CPU
		{A6C02001-84D6-4BA9-8BB4-B27EAA33FE80}.Debug|Any CPU.ActiveCfg = Debug|Any CPU
		{A6C02001-84D6-4BA9-8BB4-B27EAA33FE80}.Debug|Any CPU.Build.0 = Debug|Any CPU
		{A6C02001-84D6-4BA9-8BB4-B27EAA33FE80}.Debug|Mixed Platforms.ActiveCfg = Debug|Any CPU
		{A6C02001-84D6-4BA9-8BB4-B27EAA33FE80}.Debug|Mixed Platforms.Build.0 = Debug|Any CPU
		{A6C02001-84D6-4BA9-8BB4-B27EAA33FE80}.Release|.NET.ActiveCfg = Release|Any CPU
		{A6C02001-84D6-4BA9-8BB4-B27EAA33FE80}.Release|Any CPU.ActiveCfg = Release|Any CPU
		{A6C02001-84D6-4BA9-8BB4-B27EAA33FE80}.Release|Any CPU.Build.0 = Release|Any CPU
		{A6C02001-84D6-4BA9-8BB4-B27EAA33FE80}.Release|Mixed Platforms.ActiveCfg = Release|Any CPU
		{A6C02001-84D6-4BA9-8BB4-B27EAA33FE80}.Release|Mixed Platforms.Build.0 = Release|Any CPU
		{7F035DF1-647B-464C-BAEB-E0CE5A07B6A1}.Debug|.NET.ActiveCfg = Debug|Any CPU
		{7F035DF1-647B-464C-BAEB-E0CE5A07B6A1}.Debug|Any CPU.ActiveCfg = Debug|Any CPU
		{7F035DF1-647B-464C-BAEB-E0CE5A07B6A1}.Debug|Any CPU.Build.0 = Debug|Any CPU
		{7F035DF1-647B-464C-BAEB-E0CE5A07B6A1}.Debug|Mixed Platforms.ActiveCfg = Debug|Any CPU
		{7F035DF1-647B-464C-BAEB-E0CE5A07B6A1}.Debug|Mixed Platforms.Build.0 = Debug|Any CPU
		{7F035DF1-647B-464C-BAEB-E0CE5A07B6A1}.Release|.NET.ActiveCfg = Release|Any CPU
		{7F035DF1-647B-464C-BAEB-E0CE5A07B6A1}.Release|Any CPU.ActiveCfg = Release|Any CPU
		{7F035DF1-647B-464C-BAEB-E0CE5A07B6A1}.Release|Any CPU.Build.0 = Release|Any CPU
		{7F035DF1-647B-464C-BAEB-E0CE5A07B6A1}.Release|Mixed Platforms.ActiveCfg = Release|Any CPU
		{7F035DF1-647B-464C-BAEB-E0CE5A07B6A1}.Release|Mixed Platforms.Build.0 = Release|Any CPU
		{5495F915-9BA8-4460-9F3C-2C9439233720}.Debug|.NET.ActiveCfg = Debug|Any CPU
		{5495F915-9BA8-4460-9F3C-2C9439233720}.Debug|Any CPU.ActiveCfg = Debug|Any CPU
		{5495F915-9BA8-4460-9F3C-2C9439233720}.Debug|Any CPU.Build.0 = Debug|Any CPU
		{5495F915-9BA8-4460-9F3C-2C9439233720}.Debug|Mixed Platforms.ActiveCfg = Debug|Any CPU
		{5495F915-9BA8-4460-9F3C-2C9439233720}.Debug|Mixed Platforms.Build.0 = Debug|Any CPU
		{5495F915-9BA8-4460-9F3C-2C9439233720}.Release|.NET.ActiveCfg = Release|Any CPU
		{5495F915-9BA8-4460-9F3C-2C9439233720}.Release|Any CPU.ActiveCfg = Release|Any CPU
		{5495F915-9BA8-4460-9F3C-2C9439233720}.Release|Any CPU.Build.0 = Release|Any CPU
		{5495F915-9BA8-4460-9F3C-2C9439233720}.Release|Mixed Platforms.ActiveCfg = Release|Any CPU
		{5495F915-9BA8-4460-9F3C-2C9439233720}.Release|Mixed Platforms.Build.0 = Release|Any CPU
		{7B207EB0-2A66-44B7-90BF-256A7276A336}.Debug|.NET.ActiveCfg = Debug|Any CPU
		{7B207EB0-2A66-44B7-90BF-256A7276A336}.Debug|Any CPU.ActiveCfg = Debug|Any CPU
		{7B207EB0-2A66-44B7-90BF-256A7276A336}.Debug|Any CPU.Build.0 = Debug|Any CPU
		{7B207EB0-2A66-44B7-90BF-256A7276A336}.Debug|Mixed Platforms.ActiveCfg = Debug|Any CPU
		{7B207EB0-2A66-44B7-90BF-256A7276A336}.Debug|Mixed Platforms.Build.0 = Debug|Any CPU
		{7B207EB0-2A66-44B7-90BF-256A7276A336}.Release|.NET.ActiveCfg = Release|Any CPU
		{7B207EB0-2A66-44B7-90BF-256A7276A336}.Release|Any CPU.ActiveCfg = Release|Any CPU
		{7B207EB0-2A66-44B7-90BF-256A7276A336}.Release|Any CPU.Build.0 = Release|Any CPU
		{7B207EB0-2A66-44B7-90BF-256A7276A336}.Release|Mixed Platforms.ActiveCfg = Release|Any CPU
		{7B207EB0-2A66-44B7-90BF-256A7276A336}.Release|Mixed Platforms.Build.0 = Release|Any CPU
		{A2DBF2D3-686D-4763-BEA3-F0C92654E910}.Debug|.NET.ActiveCfg = Debug|Any CPU
		{A2DBF2D3-686D-4763-BEA3-F0C92654E910}.Debug|Any CPU.ActiveCfg = Debug|Any CPU
		{A2DBF2D3-686D-4763-BEA3-F0C92654E910}.Debug|Any CPU.Build.0 = Debug|Any CPU
		{A2DBF2D3-686D-4763-BEA3-F0C92654E910}.Debug|Mixed Platforms.ActiveCfg = Debug|Any CPU
		{A2DBF2D3-686D-4763-BEA3-F0C92654E910}.Debug|Mixed Platforms.Build.0 = Debug|Any CPU
		{A2DBF2D3-686D-4763-BEA3-F0C92654E910}.Release|.NET.ActiveCfg = Release|Any CPU
		{A2DBF2D3-686D-4763-BEA3-F0C92654E910}.Release|Any CPU.ActiveCfg = Release|Any CPU
		{A2DBF2D3-686D-4763-BEA3-F0C92654E910}.Release|Any CPU.Build.0 = Release|Any CPU
		{A2DBF2D3-686D-4763-BEA3-F0C92654E910}.Release|Mixed Platforms.ActiveCfg = Release|Any CPU
		{A2DBF2D3-686D-4763-BEA3-F0C92654E910}.Release|Mixed Platforms.Build.0 = Release|Any CPU
		{F4D26EC9-F1E3-41AC-AC7D-1FE2738C5589}.Debug|.NET.ActiveCfg = Debug|Any CPU
		{F4D26EC9-F1E3-41AC-AC7D-1FE2738C5589}.Debug|Any CPU.ActiveCfg = Debug|Any CPU
		{F4D26EC9-F1E3-41AC-AC7D-1FE2738C5589}.Debug|Any CPU.Build.0 = Debug|Any CPU
		{F4D26EC9-F1E3-41AC-AC7D-1FE2738C5589}.Debug|Mixed Platforms.ActiveCfg = Debug|Any CPU
		{F4D26EC9-F1E3-41AC-AC7D-1FE2738C5589}.Debug|Mixed Platforms.Build.0 = Debug|Any CPU
		{F4D26EC9-F1E3-41AC-AC7D-1FE2738C5589}.Release|.NET.ActiveCfg = Release|Any CPU
		{F4D26EC9-F1E3-41AC-AC7D-1FE2738C5589}.Release|Any CPU.ActiveCfg = Release|Any CPU
		{F4D26EC9-F1E3-41AC-AC7D-1FE2738C5589}.Release|Any CPU.Build.0 = Release|Any CPU
		{F4D26EC9-F1E3-41AC-AC7D-1FE2738C5589}.Release|Mixed Platforms.ActiveCfg = Release|Any CPU
		{F4D26EC9-F1E3-41AC-AC7D-1FE2738C5589}.Release|Mixed Platforms.Build.0 = Release|Any CPU
		{A47A5AE0-11CD-4F21-BA87-9CFE5C10983E}.Debug|.NET.ActiveCfg = Debug|Any CPU
		{A47A5AE0-11CD-4F21-BA87-9CFE5C10983E}.Debug|Any CPU.ActiveCfg = Debug|Any CPU
		{A47A5AE0-11CD-4F21-BA87-9CFE5C10983E}.Debug|Any CPU.Build.0 = Debug|Any CPU
		{A47A5AE0-11CD-4F21-BA87-9CFE5C10983E}.Debug|Mixed Platforms.ActiveCfg = Debug|Any CPU
		{A47A5AE0-11CD-4F21-BA87-9CFE5C10983E}.Debug|Mixed Platforms.Build.0 = Debug|Any CPU
		{A47A5AE0-11CD-4F21-BA87-9CFE5C10983E}.Release|.NET.ActiveCfg = Release|Any CPU
		{A47A5AE0-11CD-4F21-BA87-9CFE5C10983E}.Release|Any CPU.ActiveCfg = Release|Any CPU
		{A47A5AE0-11CD-4F21-BA87-9CFE5C10983E}.Release|Any CPU.Build.0 = Release|Any CPU
		{A47A5AE0-11CD-4F21-BA87-9CFE5C10983E}.Release|Mixed Platforms.ActiveCfg = Release|Any CPU
		{A47A5AE0-11CD-4F21-BA87-9CFE5C10983E}.Release|Mixed Platforms.Build.0 = Release|Any CPU
		{38F36E09-0D89-404E-8F9A-29795B1C4F0D}.Debug|.NET.ActiveCfg = Debug|Any CPU
		{38F36E09-0D89-404E-8F9A-29795B1C4F0D}.Debug|Any CPU.ActiveCfg = Debug|Any CPU
		{38F36E09-0D89-404E-8F9A-29795B1C4F0D}.Debug|Any CPU.Build.0 = Debug|Any CPU
		{38F36E09-0D89-404E-8F9A-29795B1C4F0D}.Debug|Mixed Platforms.ActiveCfg = Debug|Any CPU
		{38F36E09-0D89-404E-8F9A-29795B1C4F0D}.Debug|Mixed Platforms.Build.0 = Debug|Any CPU
		{38F36E09-0D89-404E-8F9A-29795B1C4F0D}.Release|.NET.ActiveCfg = Release|Any CPU
		{38F36E09-0D89-404E-8F9A-29795B1C4F0D}.Release|Any CPU.ActiveCfg = Release|Any CPU
		{38F36E09-0D89-404E-8F9A-29795B1C4F0D}.Release|Any CPU.Build.0 = Release|Any CPU
		{38F36E09-0D89-404E-8F9A-29795B1C4F0D}.Release|Mixed Platforms.ActiveCfg = Release|Any CPU
		{38F36E09-0D89-404E-8F9A-29795B1C4F0D}.Release|Mixed Platforms.Build.0 = Release|Any CPU
		{2610973B-8ADD-4CEA-A46B-02809982862C}.Debug|.NET.ActiveCfg = Debug|Any CPU
		{2610973B-8ADD-4CEA-A46B-02809982862C}.Debug|Any CPU.ActiveCfg = Debug|Any CPU
		{2610973B-8ADD-4CEA-A46B-02809982862C}.Debug|Any CPU.Build.0 = Debug|Any CPU
		{2610973B-8ADD-4CEA-A46B-02809982862C}.Debug|Mixed Platforms.ActiveCfg = Debug|Any CPU
		{2610973B-8ADD-4CEA-A46B-02809982862C}.Debug|Mixed Platforms.Build.0 = Debug|Any CPU
		{2610973B-8ADD-4CEA-A46B-02809982862C}.Release|.NET.ActiveCfg = Release|Any CPU
		{2610973B-8ADD-4CEA-A46B-02809982862C}.Release|Any CPU.ActiveCfg = Release|Any CPU
		{2610973B-8ADD-4CEA-A46B-02809982862C}.Release|Any CPU.Build.0 = Release|Any CPU
		{2610973B-8ADD-4CEA-A46B-02809982862C}.Release|Mixed Platforms.ActiveCfg = Release|Any CPU
		{2610973B-8ADD-4CEA-A46B-02809982862C}.Release|Mixed Platforms.Build.0 = Release|Any CPU
		{07ED74CF-138D-446A-9337-5A340E1C0EA9}.Debug|.NET.ActiveCfg = Debug|Any CPU
		{07ED74CF-138D-446A-9337-5A340E1C0EA9}.Debug|Any CPU.ActiveCfg = Debug|Any CPU
		{07ED74CF-138D-446A-9337-5A340E1C0EA9}.Debug|Any CPU.Build.0 = Debug|Any CPU
		{07ED74CF-138D-446A-9337-5A340E1C0EA9}.Debug|Mixed Platforms.ActiveCfg = Debug|Any CPU
		{07ED74CF-138D-446A-9337-5A340E1C0EA9}.Debug|Mixed Platforms.Build.0 = Debug|Any CPU
		{07ED74CF-138D-446A-9337-5A340E1C0EA9}.Release|.NET.ActiveCfg = Release|Any CPU
		{07ED74CF-138D-446A-9337-5A340E1C0EA9}.Release|Any CPU.ActiveCfg = Release|Any CPU
		{07ED74CF-138D-446A-9337-5A340E1C0EA9}.Release|Any CPU.Build.0 = Release|Any CPU
		{07ED74CF-138D-446A-9337-5A340E1C0EA9}.Release|Mixed Platforms.ActiveCfg = Release|Any CPU
		{07ED74CF-138D-446A-9337-5A340E1C0EA9}.Release|Mixed Platforms.Build.0 = Release|Any CPU
		{310532B6-791D-41D7-95BE-B5D295F8A1D4}.Debug|.NET.ActiveCfg = Debug|Any CPU
		{310532B6-791D-41D7-95BE-B5D295F8A1D4}.Debug|.NET.Build.0 = Debug|Any CPU
		{310532B6-791D-41D7-95BE-B5D295F8A1D4}.Debug|Any CPU.ActiveCfg = Debug|Any CPU
		{310532B6-791D-41D7-95BE-B5D295F8A1D4}.Debug|Any CPU.Build.0 = Debug|Any CPU
		{310532B6-791D-41D7-95BE-B5D295F8A1D4}.Debug|Mixed Platforms.ActiveCfg = Debug|Any CPU
		{310532B6-791D-41D7-95BE-B5D295F8A1D4}.Debug|Mixed Platforms.Build.0 = Debug|Any CPU
		{310532B6-791D-41D7-95BE-B5D295F8A1D4}.Release|.NET.ActiveCfg = Release|Any CPU
		{310532B6-791D-41D7-95BE-B5D295F8A1D4}.Release|.NET.Build.0 = Release|Any CPU
		{310532B6-791D-41D7-95BE-B5D295F8A1D4}.Release|Any CPU.ActiveCfg = Release|Any CPU
		{310532B6-791D-41D7-95BE-B5D295F8A1D4}.Release|Any CPU.Build.0 = Release|Any CPU
		{310532B6-791D-41D7-95BE-B5D295F8A1D4}.Release|Mixed Platforms.ActiveCfg = Release|Any CPU
		{310532B6-791D-41D7-95BE-B5D295F8A1D4}.Release|Mixed Platforms.Build.0 = Release|Any CPU
	EndGlobalSection
	GlobalSection(SolutionProperties) = preSolution
		HideSolutionNode = FALSE
	EndGlobalSection
	GlobalSection(TeamFoundationVersionControl) = preSolution
		SccNumberOfProjects = 32
		SccEnterpriseProvider = {4CA58AB2-18FA-4F8D-95D4-32DDF27D184C}
		SccTeamFoundationServer = http://lonbfbvmmfvsts1:8080/tfs/mfcollection
		SccProjectUniqueName0 = Services\\Marketforce.Services.Security\\Marketforce.Services.Security.csproj
		SccProjectName0 = Services/Marketforce.Services.Security
		SccLocalPath0 = Services\\Marketforce.Services.Security
		SccProjectUniqueName1 = Websites\\Marketforce.Gizmos\\Marketforce.Gizmos.csproj
		SccProjectName1 = Websites/Marketforce.Gizmos
		SccLocalPath1 = Websites\\Marketforce.Gizmos
		SccProjectUniqueName2 = Websites\\Marketforce.Web.Orion\\Marketforce.Web.Orion.csproj
		SccProjectName2 = Websites/Marketforce.Web.Orion
		SccLocalPath2 = Websites\\Marketforce.Web.Orion
		SccProjectUniqueName3 = Websites\\Marketforce.Web.Navigation\\Marketforce.Web.Navigation.csproj
		SccProjectName3 = Websites/Marketforce.Web.Navigation
		SccLocalPath3 = Websites\\Marketforce.Web.Navigation
		SccProjectUniqueName4 = Websites\\Marketforce.Web.Security\\Marketforce.Web.Security.csproj
		SccProjectName4 = Websites/Marketforce.Web.Security
		SccLocalPath4 = Websites\\Marketforce.Web.Security
		SccProjectUniqueName5 = Websites\\Marketforce.Web.SessionBridge\\Marketforce.Web.SessionBridge.csproj
		SccProjectName5 = Websites/Marketforce.Web.SessionBridge
		SccLocalPath5 = Websites\\Marketforce.Web.SessionBridge
		SccProjectUniqueName6 = Websites\\Marketforce.Reports\\Marketforce.Reports.csproj
		SccProjectName6 = Websites/Marketforce.Reports
		SccLocalPath6 = Websites\\Marketforce.Reports
		SccProjectUniqueName7 = Websites\\Marketforce.Help\\Marketforce.Help.csproj
		SccProjectName7 = Websites/Marketforce.Help
		SccLocalPath7 = Websites\\Marketforce.Help
		SccProjectUniqueName8 = Framework\\Marketforce.Web.Core\\Marketforce.Web.Core.csproj
		SccProjectName8 = Framework/Marketforce.Web.Core
		SccLocalPath8 = Framework\\Marketforce.Web.Core
		SccProjectUniqueName9 = Services\\Marketforce.Services.Directory.Security\\Marketforce.Services.Directory.Security.csproj
		SccProjectName9 = Services/Marketforce.Services.Directory.Security
		SccLocalPath9 = Services\\Marketforce.Services.Directory.Security
		SccProjectUniqueName10 = Services\\Marketforce.Services.Directory.Security.Maintenance\\Marketforce.Services.Directory.Security.Maintenance.csproj
		SccProjectName10 = Services/Marketforce.Services.Directory.Security.Maintenance
		SccLocalPath10 = Services\\Marketforce.Services.Directory.Security.Maintenance
		SccProjectUniqueName11 = Services\\Marketforce.Services.Directory.Maintenance\\Marketforce.Services.Directory.Maintenance.csproj
		SccProjectName11 = Services/Marketforce.Services.Directory.Maintenance
		SccLocalPath11 = Services\\Marketforce.Services.Directory.Maintenance
		SccProjectUniqueName12 = Services\\Marketforce.Services.Directory\\Marketforce.Services.Directory.csproj
		SccProjectName12 = Services/Marketforce.Services.Directory
		SccLocalPath12 = Services\\Marketforce.Services.Directory
		SccProjectUniqueName13 = Services\\Marketforce.Services.Portfolio.Maintenance\\Marketforce.Services.Portfolio.Maintenance.csproj
		SccProjectName13 = Services/Marketforce.Services.Portfolio.Maintenance
		SccLocalPath13 = Services\\Marketforce.Services.Portfolio.Maintenance
		SccProjectUniqueName14 = Services\\Marketforce.Services.Portfolio\\Marketforce.Services.Portfolio.csproj
		SccProjectName14 = Services/Marketforce.Services.Portfolio
		SccLocalPath14 = Services\\Marketforce.Services.Portfolio
		SccProjectUniqueName15 = Agents\\Marketforce.Agents.Directory\\Marketforce.Agents.Directory.csproj
		SccProjectName15 = Agents/Marketforce.Agents.Directory
		SccLocalPath15 = Agents\\Marketforce.Agents.Directory
		SccProjectUniqueName16 = Agents\\Marketforce.Agents.Portfolio\\Marketforce.Agents.Portfolio.csproj
		SccProjectName16 = Agents/Marketforce.Agents.Portfolio
		SccLocalPath16 = Agents\\Marketforce.Agents.Portfolio
		SccProjectUniqueName17 = Framework\\Marketforce.Web\\Marketforce.Web.csproj
		SccProjectName17 = Framework/Marketforce.Web
		SccLocalPath17 = Framework\\Marketforce.Web
		SccProjectUniqueName18 = Websites\\Marketforce.Web.Directory\\Marketforce.Web.Directory.csproj
		SccProjectName18 = Websites/Marketforce.Web.Directory
		SccLocalPath18 = Websites\\Marketforce.Web.Directory
		SccProjectUniqueName19 = Websites\\Marketforce.Web.Portfolio\\Marketforce.Web.Portfolio.csproj
		SccProjectName19 = Websites/Marketforce.Web.Portfolio
		SccLocalPath19 = Websites\\Marketforce.Web.Portfolio
		SccProjectUniqueName20 = Framework\\Marketforce.Services.Transmission.Core\\Marketforce.Services.Transmission.Core.csproj
		SccProjectName20 = Framework/Marketforce.Services.Transmission.Core
		SccLocalPath20 = Framework\\Marketforce.Services.Transmission.Core
		SccProjectUniqueName21 = Tests\\MarketForce.Web.Orion.AcceptanceTests\\MarketForce.Web.Orion.AcceptanceTests.csproj
		SccProjectName21 = Tests/MarketForce.Web.Orion.AcceptanceTests
		SccLocalPath21 = Tests\\MarketForce.Web.Orion.AcceptanceTests
		SccProjectUniqueName22 = Tests\\MarketForce.Web.Orion.UnitTests\\MarketForce.Web.Orion.UnitTests.csproj
		SccProjectName22 = Tests/MarketForce.Web.Orion.UnitTests
		SccLocalPath22 = Tests\\MarketForce.Web.Orion.UnitTests
		SccProjectUniqueName23 = Websites\\Marketforce.Web.NewOrion\\Marketforce.Web.NewOrion.csproj
		SccProjectName23 = Websites/Marketforce.Web.NewOrion
		SccLocalPath23 = Websites\\Marketforce.Web.NewOrion
		SccLocalPath24 = .
		SccProjectUniqueName25 = Agents\\Marketforce.Agents.Orion\\Marketforce.Agents.Orion.csproj
		SccProjectName25 = Agents/Marketforce.Agents.Orion
		SccLocalPath25 = Agents\\Marketforce.Agents.Orion
		SccProjectUniqueName26 = Agents\\Marketforce.Agents.Runtime\\Marketforce.Agents.Runtime.csproj
		SccProjectName26 = Agents/Marketforce.Agents.Runtime
		SccLocalPath26 = Agents\\Marketforce.Agents.Runtime
		SccProjectUniqueName27 = Framework\\Marketforce.Core\\Marketforce.Core.csproj
		SccProjectName27 = Framework/Marketforce.Core
		SccLocalPath27 = Framework\\Marketforce.Core
		SccProjectUniqueName28 = Framework\\Marketforce.Services.Core\\Marketforce.Services.Core.csproj
		SccProjectName28 = Framework/Marketforce.Services.Core
		SccLocalPath28 = Framework\\Marketforce.Services.Core
		SccProjectUniqueName29 = Services\\Marketforce.Services.Batch\\Marketforce.Services.Batch.csproj
		SccProjectName29 = Services/Marketforce.Services.Batch
		SccLocalPath29 = Services\\Marketforce.Services.Batch
		SccProjectUniqueName30 = Services\\Marketforce.Services.Orion.Maintenance\\Marketforce.Services.Orion.Maintenance.csproj
		SccProjectName30 = Services/Marketforce.Services.Orion.Maintenance
		SccLocalPath30 = Services\\Marketforce.Services.Orion.Maintenance
		SccProjectUniqueName31 = Services\\Marketforce.Services.Orion\\Marketforce.Services.Orion.csproj
		SccProjectName31 = Services/Marketforce.Services.Orion
		SccLocalPath31 = Services\\Marketforce.Services.Orion
	EndGlobalSection
EndGlobal
